{
  "name": "PassMan",
  "requires": true,
  "lockfileVersion": 1,
  "dependencies": {
    "jssocials": {
      "version": "1.5.0",
      "resolved": "https://registry.npmjs.org/jssocials/-/jssocials-1.5.0.tgz",
      "integrity": "sha1-fe5YfnuYsmxliInaR0g5phkRRMc="
    },
    "zxcvbn": {
      "version": "4.4.2",
      "resolved": "https://registry.npmjs.org/zxcvbn/-/zxcvbn-4.4.2.tgz",
      "integrity": "sha1-KOwXzwl0PtyrBW3dixsGJizHPDA="
    }
  }
}
